
Microsoft Visual Studio Solution File, Format Version 12.00
# Visual Studio Version 17
VisualStudioVersion = 17.2.32526.322
MinimumVisualStudioVersion = 10.0.40219.1
Project("{FAE04EC0-301F-11D3-BF4B-00C04F79EFBC}") = "RebornAvatar", "RebornAvatar\RebornAvatar.csproj", "{E62AACC6-3F86-490A-B5DA-CD7FC442D439}"
EndProject
Global
	GlobalSection(SolutionConfigurationPlatforms) = preSolution
		Debug|Any CPU = Debug|Any CPU
		Release|Any CPU = Release|Any CPU
	EndGlobalSection
	GlobalSection(ProjectConfigurationPlatforms) = postSolution
		{E62AACC6-3F86-490A-B5DA-CD7FC442D439}.Debug|Any CPU.ActiveCfg = Debug|Any CPU
		{E62AACC6-3F86-490A-B5DA-CD7FC442D439}.Debug|Any CPU.Build.0 = Debug|Any CPU
		{E62AACC6-3F86-490A-B5DA-CD7FC442D439}.Release|Any CPU.ActiveCfg = Release|Any CPU
		{E62AACC6-3F86-490A-B5DA-CD7FC442D439}.Release|Any CPU.Build.0 = Release|Any CPU
	EndGlobalSection
	GlobalSection(SolutionProperties) = preSolution
		HideSolutionNode = FALSE
	EndGlobalSection
	GlobalSection(ExtensibilityGlobals) = postSolution
		SolutionGuid = {36E68440-C889-4BF7-9E77-7F281615896B}
	EndGlobalSection
EndGlobal
